// !$*UTF8*$!
{
	archiveVersion = 1;
	classes = {
	};
	objectVersion = 46;
	objects = {

/* Begin PBXBuildFile section */
		4CBE40A71C0D209600ACB85B /* CommandPacketGenerator.cpp in Sources */ = {isa = PBXBuildFile; fileRef = 4CBE409F1C0D209600ACB85B /* CommandPacketGenerator.cpp */; };
		4CBE40A81C0D209600ACB85B /* CommandProcessorLevelOne.cpp in Sources */ = {isa = PBXBuildFile; fileRef = 4CBE40A01C0D209600ACB85B /* CommandProcessorLevelOne.cpp */; };
		4CBE40A91C0D209600ACB85B /* NXTCommands.cpp in Sources */ = {isa = PBXBuildFile; fileRef = 4CBE40A21C0D209600ACB85B /* NXTCommands.cpp */; };
		4CBE40AC1C0D273100ACB85B /* TestLib.cpp in Sources */ = {isa = PBXBuildFile; fileRef = 4CBE40AB1C0D273100ACB85B /* TestLib.cpp */; };
		4CBE40AF1C0D278A00ACB85B /* BasicTest.cpp in Sources */ = {isa = PBXBuildFile; fileRef = 4CBE40AD1C0D278A00ACB85B /* BasicTest.cpp */; };
		4CBE40B21C0D282000ACB85B /* BasicMockTest.cpp in Sources */ = {isa = PBXBuildFile; fileRef = 4CBE40B01C0D282000ACB85B /* BasicMockTest.cpp */; };
		4CBE40B41C0D2A1100ACB85B /* CommandPacketGeneratorTest.cpp in Sources */ = {isa = PBXBuildFile; fileRef = 4CBE40B31C0D2A1100ACB85B /* CommandPacketGeneratorTest.cpp */; };
		4CBE40B81C0D3BA100ACB85B /* unittest_main.cpp in Sources */ = {isa = PBXBuildFile; fileRef = 4CBE40B71C0D3BA100ACB85B /* unittest_main.cpp */; };
		4CBE40C61C0D4AF600ACB85B /* gmock-gtest-all.cc in Sources */ = {isa = PBXBuildFile; fileRef = 4CBE40C41C0D4AF600ACB85B /* gmock-gtest-all.cc */; };
		4CBE40C71C0D4AF600ACB85B /* gmock_main.cc in Sources */ = {isa = PBXBuildFile; fileRef = 4CBE40C51C0D4AF600ACB85B /* gmock_main.cc */; };
/* End PBXBuildFile section */

/* Begin PBXCopyFilesBuildPhase section */
		4CBE40711C0D111200ACB85B /* CopyFiles */ = {
			isa = PBXCopyFilesBuildPhase;
			buildActionMask = 2147483647;
			dstPath = /usr/share/man/man1/;
			dstSubfolderSpec = 0;
			files = (
			);
			runOnlyForDeploymentPostprocessing = 1;
		};
/* End PBXCopyFilesBuildPhase section */

/* Begin PBXFileReference section */
		4CBE40731C0D111200ACB85B /* BrainControlledRobotTest */ = {isa = PBXFileReference; explicitFileType = "compiled.mach-o.executable"; includeInIndex = 0; path = BrainControlledRobotTest; sourceTree = BUILT_PRODUCTS_DIR; };
		4CBE409F1C0D209600ACB85B /* CommandPacketGenerator.cpp */ = {isa = PBXFileReference; fileEncoding = 4; lastKnownFileType = sourcecode.cpp.cpp; path = CommandPacketGenerator.cpp; sourceTree = "<group>"; };
		4CBE40A01C0D209600ACB85B /* CommandProcessorLevelOne.cpp */ = {isa = PBXFileReference; fileEncoding = 4; lastKnownFileType = sourcecode.cpp.cpp; path = CommandProcessorLevelOne.cpp; sourceTree = "<group>"; };
		4CBE40A11C0D209600ACB85B /* CommandProcessorLevelOne.h */ = {isa = PBXFileReference; fileEncoding = 4; lastKnownFileType = sourcecode.c.h; path = CommandProcessorLevelOne.h; sourceTree = "<group>"; };
		4CBE40A21C0D209600ACB85B /* NXTCommands.cpp */ = {isa = PBXFileReference; fileEncoding = 4; lastKnownFileType = sourcecode.cpp.cpp; path = NXTCommands.cpp; sourceTree = "<group>"; };
		4CBE40A31C0D209600ACB85B /* NXTCommands.h */ = {isa = PBXFileReference; fileEncoding = 4; lastKnownFileType = sourcecode.c.h; path = NXTCommands.h; sourceTree = "<group>"; };
		4CBE40A41C0D209600ACB85B /* BrainControlledRobot.ino */ = {isa = PBXFileReference; fileEncoding = 4; lastKnownFileType = text; path = BrainControlledRobot.ino; sourceTree = "<group>"; };
		4CBE40A51C0D209600ACB85B /* CommandDefinitions.h */ = {isa = PBXFileReference; fileEncoding = 4; lastKnownFileType = sourcecode.c.h; path = CommandDefinitions.h; sourceTree = "<group>"; };
		4CBE40A61C0D209600ACB85B /* CommandPacketGenerator.h */ = {isa = PBXFileReference; fileEncoding = 4; lastKnownFileType = sourcecode.c.h; path = CommandPacketGenerator.h; sourceTree = "<group>"; };
		4CBE40AA1C0D20D200ACB85B /* TestLib.h */ = {isa = PBXFileReference; lastKnownFileType = sourcecode.c.h; path = TestLib.h; sourceTree = "<group>"; };
		4CBE40AB1C0D273100ACB85B /* TestLib.cpp */ = {isa = PBXFileReference; fileEncoding = 4; lastKnownFileType = sourcecode.cpp.cpp; path = TestLib.cpp; sourceTree = "<group>"; };
		4CBE40AD1C0D278A00ACB85B /* BasicTest.cpp */ = {isa = PBXFileReference; fileEncoding = 4; lastKnownFileType = sourcecode.cpp.cpp; path = BasicTest.cpp; sourceTree = "<group>"; };
		4CBE40B01C0D282000ACB85B /* BasicMockTest.cpp */ = {isa = PBXFileReference; fileEncoding = 4; lastKnownFileType = sourcecode.cpp.cpp; path = BasicMockTest.cpp; sourceTree = "<group>"; };
		4CBE40B31C0D2A1100ACB85B /* CommandPacketGeneratorTest.cpp */ = {isa = PBXFileReference; fileEncoding = 4; lastKnownFileType = sourcecode.cpp.cpp; path = CommandPacketGeneratorTest.cpp; sourceTree = "<group>"; };
		4CBE40B71C0D3BA100ACB85B /* unittest_main.cpp */ = {isa = PBXFileReference; fileEncoding = 4; lastKnownFileType = sourcecode.cpp.cpp; path = unittest_main.cpp; sourceTree = "<group>"; };
		4CBE40BF1C0D46B400ACB85B /* Commands.h */ = {isa = PBXFileReference; lastKnownFileType = sourcecode.c.h; path = Commands.h; sourceTree = "<group>"; };
		4CBE40C41C0D4AF600ACB85B /* gmock-gtest-all.cc */ = {isa = PBXFileReference; fileEncoding = 4; lastKnownFileType = sourcecode.cpp.cpp; path = "gmock-gtest-all.cc"; sourceTree = "<group>"; };
		4CBE40C51C0D4AF600ACB85B /* gmock_main.cc */ = {isa = PBXFileReference; fileEncoding = 4; lastKnownFileType = sourcecode.cpp.cpp; path = gmock_main.cc; sourceTree = "<group>"; };
/* End PBXFileReference section */

/* Begin PBXFrameworksBuildPhase section */
		4CBE40701C0D111200ACB85B /* Frameworks */ = {
			isa = PBXFrameworksBuildPhase;
			buildActionMask = 2147483647;
			files = (
			);
			runOnlyForDeploymentPostprocessing = 0;
		};
/* End PBXFrameworksBuildPhase section */

/* Begin PBXGroup section */
		4CBE406A1C0D111200ACB85B = {
			isa = PBXGroup;
			children = (
				4CBE40751C0D111200ACB85B /* BrainControlledRobotTest */,
				4CBE40741C0D111200ACB85B /* Products */,
			);
			sourceTree = "<group>";
		};
		4CBE40741C0D111200ACB85B /* Products */ = {
			isa = PBXGroup;
			children = (
				4CBE40731C0D111200ACB85B /* BrainControlledRobotTest */,
			);
			name = Products;
			sourceTree = "<group>";
		};
		4CBE40751C0D111200ACB85B /* BrainControlledRobotTest */ = {
			isa = PBXGroup;
			children = (
				4CBE40C41C0D4AF600ACB85B /* gmock-gtest-all.cc */,
				4CBE40C51C0D4AF600ACB85B /* gmock_main.cc */,
				4CBE40B71C0D3BA100ACB85B /* unittest_main.cpp */,
				4CBE40811C0D144F00ACB85B /* ImplementationFiles */,
				4CBE407F1C0D142B00ACB85B /* UnitTests */,
			);
			path = BrainControlledRobotTest;
			sourceTree = "<group>";
		};
		4CBE407F1C0D142B00ACB85B /* UnitTests */ = {
			isa = PBXGroup;
			children = (
				4CBE40AD1C0D278A00ACB85B /* BasicTest.cpp */,
				4CBE40B01C0D282000ACB85B /* BasicMockTest.cpp */,
				4CBE40B31C0D2A1100ACB85B /* CommandPacketGeneratorTest.cpp */,
			);
			name = UnitTests;
			sourceTree = "<group>";
		};
		4CBE40811C0D144F00ACB85B /* ImplementationFiles */ = {
			isa = PBXGroup;
			children = (
				4CBE40A61C0D209600ACB85B /* CommandPacketGenerator.h */,
				4CBE409F1C0D209600ACB85B /* CommandPacketGenerator.cpp */,
				4CBE40A11C0D209600ACB85B /* CommandProcessorLevelOne.h */,
				4CBE40A01C0D209600ACB85B /* CommandProcessorLevelOne.cpp */,
				4CBE40BF1C0D46B400ACB85B /* Commands.h */,
				4CBE40A31C0D209600ACB85B /* NXTCommands.h */,
				4CBE40A21C0D209600ACB85B /* NXTCommands.cpp */,
				4CBE40A41C0D209600ACB85B /* BrainControlledRobot.ino */,
				4CBE40A51C0D209600ACB85B /* CommandDefinitions.h */,
				4CBE40AA1C0D20D200ACB85B /* TestLib.h */,
				4CBE40AB1C0D273100ACB85B /* TestLib.cpp */,
			);
			name = ImplementationFiles;
			sourceTree = "<group>";
		};
/* End PBXGroup section */

/* Begin PBXNativeTarget section */
		4CBE40721C0D111200ACB85B /* BrainControlledRobotTest */ = {
			isa = PBXNativeTarget;
			buildConfigurationList = 4CBE407A1C0D111300ACB85B /* Build configuration list for PBXNativeTarget "BrainControlledRobotTest" */;
			buildPhases = (
				4CBE406F1C0D111200ACB85B /* Sources */,
				4CBE40701C0D111200ACB85B /* Frameworks */,
				4CBE40711C0D111200ACB85B /* CopyFiles */,
			);
			buildRules = (
			);
			dependencies = (
			);
			name = BrainControlledRobotTest;
			productName = BrainControlledRobotTest;
			productReference = 4CBE40731C0D111200ACB85B /* BrainControlledRobotTest */;
			productType = "com.apple.product-type.tool";
		};
/* End PBXNativeTarget section */

/* Begin PBXProject section */
		4CBE406B1C0D111200ACB85B /* Project object */ = {
			isa = PBXProject;
			attributes = {
				LastUpgradeCheck = 0610;
				ORGANIZATIONNAME = "Misti Stevens";
				TargetAttributes = {
					4CBE40721C0D111200ACB85B = {
						CreatedOnToolsVersion = 6.1;
					};
				};
			};
			buildConfigurationList = 4CBE406E1C0D111200ACB85B /* Build configuration list for PBXProject "BrainControlledRobotTest" */;
			compatibilityVersion = "Xcode 3.2";
			developmentRegion = English;
			hasScannedForEncodings = 0;
			knownRegions = (
				en,
			);
			mainGroup = 4CBE406A1C0D111200ACB85B;
			productRefGroup = 4CBE40741C0D111200ACB85B /* Products */;
			projectDirPath = "";
			projectRoot = "";
			targets = (
				4CBE40721C0D111200ACB85B /* BrainControlledRobotTest */,
			);
		};
/* End PBXProject section */

/* Begin PBXSourcesBuildPhase section */
		4CBE406F1C0D111200ACB85B /* Sources */ = {
			isa = PBXSourcesBuildPhase;
			buildActionMask = 2147483647;
			files = (
				4CBE40C71C0D4AF600ACB85B /* gmock_main.cc in Sources */,
				4CBE40A91C0D209600ACB85B /* NXTCommands.cpp in Sources */,
				4CBE40C61C0D4AF600ACB85B /* gmock-gtest-all.cc in Sources */,
				4CBE40A71C0D209600ACB85B /* CommandPacketGenerator.cpp in Sources */,
				4CBE40B81C0D3BA100ACB85B /* unittest_main.cpp in Sources */,
				4CBE40AC1C0D273100ACB85B /* TestLib.cpp in Sources */,
				4CBE40A81C0D209600ACB85B /* CommandProcessorLevelOne.cpp in Sources */,
				4CBE40B41C0D2A1100ACB85B /* CommandPacketGeneratorTest.cpp in Sources */,
				4CBE40AF1C0D278A00ACB85B /* BasicTest.cpp in Sources */,
				4CBE40B21C0D282000ACB85B /* BasicMockTest.cpp in Sources */,
			);
			runOnlyForDeploymentPostprocessing = 0;
		};
/* End PBXSourcesBuildPhase section */

/* Begin XCBuildConfiguration section */
		4CBE40781C0D111300ACB85B /* Debug */ = {
			isa = XCBuildConfiguration;
			buildSettings = {
				ALWAYS_SEARCH_USER_PATHS = NO;
				CLANG_CXX_LANGUAGE_STANDARD = "gnu++0x";
				CLANG_CXX_LIBRARY = "libc++";
				CLANG_ENABLE_MODULES = YES;
				CLANG_ENABLE_OBJC_ARC = YES;
				CLANG_WARN_BOOL_CONVERSION = YES;
				CLANG_WARN_CONSTANT_CONVERSION = YES;
				CLANG_WARN_DIRECT_OBJC_ISA_USAGE = YES_ERROR;
				CLANG_WARN_EMPTY_BODY = YES;
				CLANG_WARN_ENUM_CONVERSION = YES;
				CLANG_WARN_INT_CONVERSION = YES;
				CLANG_WARN_OBJC_ROOT_CLASS = YES_ERROR;
				CLANG_WARN_UNREACHABLE_CODE = YES;
				CLANG_WARN__DUPLICATE_METHOD_MATCH = YES;
				COPY_PHASE_STRIP = NO;
				ENABLE_STRICT_OBJC_MSGSEND = YES;
				GCC_C_LANGUAGE_STANDARD = gnu99;
				GCC_DYNAMIC_NO_PIC = NO;
				GCC_OPTIMIZATION_LEVEL = 0;
				GCC_PREPROCESSOR_DEFINITIONS = (
					"DEBUG=1",
					"$(inherited)",
					GTEST_USE_OWN_TR1_TUPLE,
				);
				GCC_SYMBOLS_PRIVATE_EXTERN = NO;
				GCC_WARN_64_TO_32_BIT_CONVERSION = YES;
				GCC_WARN_ABOUT_RETURN_TYPE = YES_ERROR;
				GCC_WARN_UNDECLARED_SELECTOR = YES;
				GCC_WARN_UNINITIALIZED_AUTOS = YES_AGGRESSIVE;
				GCC_WARN_UNUSED_FUNCTION = YES;
				GCC_WARN_UNUSED_VARIABLE = YES;
				MACOSX_DEPLOYMENT_TARGET = 10.9;
				MTL_ENABLE_DEBUG_INFO = YES;
				ONLY_ACTIVE_ARCH = YES;
				SDKROOT = macosx;
				USER_HEADER_SEARCH_PATHS = "gtest/include gtest Brain";
			};
			name = Debug;
		};
		4CBE40791C0D111300ACB85B /* Release */ = {
			isa = XCBuildConfiguration;
			buildSettings = {
				ALWAYS_SEARCH_USER_PATHS = NO;
				CLANG_CXX_LANGUAGE_STANDARD = "gnu++0x";
				CLANG_CXX_LIBRARY = "libc++";
				CLANG_ENABLE_MODULES = YES;
				CLANG_ENABLE_OBJC_ARC = YES;
				CLANG_WARN_BOOL_CONVERSION = YES;
				CLANG_WARN_CONSTANT_CONVERSION = YES;
				CLANG_WARN_DIRECT_OBJC_ISA_USAGE = YES_ERROR;
				CLANG_WARN_EMPTY_BODY = YES;
				CLANG_WARN_ENUM_CONVERSION = YES;
				CLANG_WARN_INT_CONVERSION = YES;
				CLANG_WARN_OBJC_ROOT_CLASS = YES_ERROR;
				CLANG_WARN_UNREACHABLE_CODE = YES;
				CLANG_WARN__DUPLICATE_METHOD_MATCH = YES;
				COPY_PHASE_STRIP = YES;
				DEBUG_INFORMATION_FORMAT = "dwarf-with-dsym";
				ENABLE_NS_ASSERTIONS = NO;
				ENABLE_STRICT_OBJC_MSGSEND = YES;
				GCC_C_LANGUAGE_STANDARD = gnu99;
				GCC_PREPROCESSOR_DEFINITIONS = GTEST_USE_OWN_TR1_TUPLE;
				GCC_WARN_64_TO_32_BIT_CONVERSION = YES;
				GCC_WARN_ABOUT_RETURN_TYPE = YES_ERROR;
				GCC_WARN_UNDECLARED_SELECTOR = YES;
				GCC_WARN_UNINITIALIZED_AUTOS = YES_AGGRESSIVE;
				GCC_WARN_UNUSED_FUNCTION = YES;
				GCC_WARN_UNUSED_VARIABLE = YES;
				MACOSX_DEPLOYMENT_TARGET = 10.9;
				MTL_ENABLE_DEBUG_INFO = NO;
				SDKROOT = macosx;
				USER_HEADER_SEARCH_PATHS = "gtest/include gtest Brain";
			};
			name = Release;
		};
		4CBE407B1C0D111300ACB85B /* Debug */ = {
			isa = XCBuildConfiguration;
			buildSettings = {
				PRODUCT_NAME = "$(TARGET_NAME)";
				USER_HEADER_SEARCH_PATHS = "gtest/include gtest gmock/include gmock";
			};
			name = Debug;
		};
		4CBE407C1C0D111300ACB85B /* Release */ = {
			isa = XCBuildConfiguration;
			buildSettings = {
				PRODUCT_NAME = "$(TARGET_NAME)";
				USER_HEADER_SEARCH_PATHS = "gtest/include gtest gmock/include gmock";
			};
			name = Release;
		};
/* End XCBuildConfiguration section */

/* Begin XCConfigurationList section */
		4CBE406E1C0D111200ACB85B /* Build configuration list for PBXProject "BrainControlledRobotTest" */ = {
			isa = XCConfigurationList;
			buildConfigurations = (
				4CBE40781C0D111300ACB85B /* Debug */,
				4CBE40791C0D111300ACB85B /* Release */,
			);
			defaultConfigurationIsVisible = 0;
			defaultConfigurationName = Release;
		};
		4CBE407A1C0D111300ACB85B /* Build configuration list for PBXNativeTarget "BrainControlledRobotTest" */ = {
			isa = XCConfigurationList;
			buildConfigurations = (
				4CBE407B1C0D111300ACB85B /* Debug */,
				4CBE407C1C0D111300ACB85B /* Release */,
			);
			defaultConfigurationIsVisible = 0;
			defaultConfigurationName = Release;
		};
/* End XCConfigurationList section */
	};
	rootObject = 4CBE406B1C0D111200ACB85B /* Project object */;
}
